{
    "_readme": [
        "This file locks the dependencies of your project to a known state",
        "Read more about it at http://getcomposer.org/doc/01-basic-usage.md#composer-lock-the-lock-file",
        "This file is @generated automatically"
    ],
    "hash": "af5f7214186536f976db694282ad48b7",
    "packages": [
        {
            "name": "psr/log",
            "version": "1.0.0",
            "source": {
                "type": "git",
                "url": "https://github.com/php-fig/log.git",
                "reference": "fe0936ee26643249e916849d48e3a51d5f5e278b"
            },
            "dist": {
                "type": "zip",
                "url": "https://api.github.com/repos/php-fig/log/zipball/fe0936ee26643249e916849d48e3a51d5f5e278b",
                "reference": "fe0936ee26643249e916849d48e3a51d5f5e278b",
                "shasum": ""
            },
            "type": "library",
            "autoload": {
                "psr-0": {
                    "Psr\\Log\\": ""
                }
            },
            "notification-url": "https://packagist.org/downloads/",
            "license": [
                "MIT"
            ],
            "authors": [
                {
                    "name": "PHP-FIG",
                    "homepage": "http://www.php-fig.org/"
                }
            ],
            "description": "Common interface for logging libraries",
            "keywords": [
                "log",
                "psr",
                "psr-3"
            ],
            "time": "2012-12-21 11:40:51"
        },
        {
            "name": "simplesamlphp/saml2",
            "version": "v0.5.0",
            "source": {
                "type": "git",
                "url": "https://github.com/simplesamlphp/saml2.git",
                "reference": "497152245ec73c3f96c84306dcddf850017b84a8"
            },
            "dist": {
                "type": "zip",
                "url": "https://api.github.com/repos/simplesamlphp/saml2/zipball/497152245ec73c3f96c84306dcddf850017b84a8",
                "reference": "497152245ec73c3f96c84306dcddf850017b84a8",
                "shasum": ""
            },
            "require": {
                "ext-dom": "*",
                "ext-mcrypt": "*",
                "ext-openssl": "*",
                "php": ">=5.3.3",
                "psr/log": "1.0.0",
                "simplesamlphp/xmlseclibs": "~1.3.1"
            },
            "require-dev": {
                "phpmd/phpmd": "~1.5",
                "phpunit/phpunit": "~3.7",
                "sebastian/phpcpd": "~1.4",
                "sensiolabs/security-checker": "~1.1",
                "squizlabs/php_codesniffer": "~1.4"
            },
            "type": "library",
            "autoload": {
                "psr-0": {
                    "SAML2_": "src/"
                }
            },
            "notification-url": "https://packagist.org/downloads/",
            "license": [
                "LGPL-2.1"
            ],
            "authors": [
                {
                    "name": "Andreas Åkre Solberg",
                    "email": "andreas.solberg@uninett.no"
                }
            ],
            "description": "SAML2 PHP library from SimpleSAMLphp",
            "time": "2014-10-07 13:40:34"
        },
        {
            "name": "simplesamlphp/xmlseclibs",
            "version": "v1.3.2",
            "source": {
                "type": "git",
                "url": "https://github.com/simplesamlphp/xmlseclibs.git",
                "reference": "734e80899ade295b979de08553161cad63c2dd98"
            },
            "dist": {
                "type": "zip",
                "url": "https://api.github.com/repos/simplesamlphp/xmlseclibs/zipball/734e80899ade295b979de08553161cad63c2dd98",
                "reference": "734e80899ade295b979de08553161cad63c2dd98",
                "shasum": ""
            },
            "replace": {
                "cdatazone/xmlseclibs": "self.version",
                "fr3d/xmlseclibs": "self.version",
                "robrichards/xmlseclibs": "self.version"
            },
            "suggest": {
                "ext/mcrypt": "",
                "ext/openssl": ""
            },
            "type": "library",
            "autoload": {
                "files": [
                    "xmlseclibs.php"
                ]
            },
            "notification-url": "https://packagist.org/downloads/",
            "license": [
                "BSD-3-Clause"
            ],
            "authors": [
                {
                    "name": "Rob Richards"
                }
            ],
            "description": "A PHP library for XML Security",
            "homepage": "http://code.google.com/p/xmlseclibs/",
            "keywords": [
                "certificate",
                "security",
                "signature",
                "signing",
                "x.509",
                "xml",
                "xmlsec"
            ],
            "time": "2013-06-19 00:00:00"
        }
    ],
    "packages-dev": [
        {
            "name": "guzzle/guzzle",
            "version": "v3.9.2",
            "source": {
                "type": "git",
                "url": "https://github.com/guzzle/guzzle3.git",
                "reference": "54991459675c1a2924122afbb0e5609ade581155"
            },
            "dist": {
                "type": "zip",
                "url": "https://api.github.com/repos/guzzle/guzzle3/zipball/54991459675c1a2924122afbb0e5609ade581155",
                "reference": "54991459675c1a2924122afbb0e5609ade581155",
                "shasum": ""
            },
            "require": {
                "ext-curl": "*",
                "php": ">=5.3.3",
                "symfony/event-dispatcher": "~2.1"
            },
            "replace": {
                "guzzle/batch": "self.version",
                "guzzle/cache": "self.version",
                "guzzle/common": "self.version",
                "guzzle/http": "self.version",
                "guzzle/inflection": "self.version",
                "guzzle/iterator": "self.version",
                "guzzle/log": "self.version",
                "guzzle/parser": "self.version",
                "guzzle/plugin": "self.version",
                "guzzle/plugin-async": "self.version",
                "guzzle/plugin-backoff": "self.version",
                "guzzle/plugin-cache": "self.version",
                "guzzle/plugin-cookie": "self.version",
                "guzzle/plugin-curlauth": "self.version",
                "guzzle/plugin-error-response": "self.version",
                "guzzle/plugin-history": "self.version",
                "guzzle/plugin-log": "self.version",
                "guzzle/plugin-md5": "self.version",
                "guzzle/plugin-mock": "self.version",
                "guzzle/plugin-oauth": "self.version",
                "guzzle/service": "self.version",
                "guzzle/stream": "self.version"
            },
            "require-dev": {
                "doctrine/cache": "~1.3",
                "monolog/monolog": "~1.0",
                "phpunit/phpunit": "3.7.*",
                "psr/log": "~1.0",
                "symfony/class-loader": "~2.1",
                "zendframework/zend-cache": "2.*,<2.3",
                "zendframework/zend-log": "2.*,<2.3"
            },
            "type": "library",
            "extra": {
                "branch-alias": {
                    "dev-master": "3.9-dev"
                }
            },
            "autoload": {
                "psr-0": {
                    "Guzzle": "src/",
                    "Guzzle\\Tests": "tests/"
                }
            },
            "notification-url": "https://packagist.org/downloads/",
            "license": [
                "MIT"
            ],
            "authors": [
                {
                    "name": "Michael Dowling",
                    "email": "mtdowling@gmail.com",
                    "homepage": "https://github.com/mtdowling"
                },
                {
                    "name": "Guzzle Community",
                    "homepage": "https://github.com/guzzle/guzzle/contributors"
                }
            ],
            "description": "Guzzle is a PHP HTTP client library and framework for building RESTful web service clients",
            "homepage": "http://guzzlephp.org/",
            "keywords": [
                "client",
                "curl",
                "framework",
                "http",
                "http client",
                "rest",
                "web service"
            ],
            "time": "2014-08-11 04:32:36"
        },
        {
            "name": "satooshi/php-coveralls",
            "version": "dev-master",
            "source": {
                "type": "git",
                "url": "https://github.com/satooshi/php-coveralls.git",
                "reference": "2fbf803803d179ab1082807308a67bbd5a760c70"
            },
            "dist": {
                "type": "zip",
                "url": "https://api.github.com/repos/satooshi/php-coveralls/zipball/2fbf803803d179ab1082807308a67bbd5a760c70",
                "reference": "2fbf803803d179ab1082807308a67bbd5a760c70",
                "shasum": ""
            },
            "require": {
                "ext-json": "*",
                "ext-simplexml": "*",
                "guzzle/guzzle": ">=2.7",
                "php": ">=5.3",
                "psr/log": "1.0.0",
                "symfony/config": ">=2.0",
                "symfony/console": ">=2.0",
                "symfony/stopwatch": ">=2.2",
                "symfony/yaml": ">=2.0"
            },
            "require-dev": {
                "apigen/apigen": "2.8.*@stable",
                "pdepend/pdepend": "dev-master as 2.0.0",
                "phpmd/phpmd": "dev-master",
                "phpunit/php-invoker": ">=1.1.0,<1.2.0",
                "phpunit/phpunit": "3.7.*@stable",
                "sebastian/finder-facade": "dev-master",
                "sebastian/phpcpd": "1.4.*@stable",
                "squizlabs/php_codesniffer": "1.4.*@stable",
                "theseer/fdomdocument": "dev-master"
            },
            "suggest": {
                "symfony/http-kernel": "Allows Symfony integration"
            },
            "bin": [
                "composer/bin/coveralls"
            ],
            "type": "library",
            "extra": {
                "branch-alias": {
                    "dev-master": "0.7-dev"
                }
            },
            "autoload": {
                "psr-0": {
                    "Satooshi\\Component": "src/",
                    "Satooshi\\Bundle": "src/"
                }
            },
            "notification-url": "https://packagist.org/downloads/",
            "license": [
                "MIT"
            ],
            "authors": [
                {
                    "name": "Kitamura Satoshi",
                    "email": "with.no.parachute@gmail.com",
                    "homepage": "https://www.facebook.com/satooshi.jp"
                }
            ],
            "description": "PHP client library for Coveralls API",
            "homepage": "https://github.com/satooshi/php-coveralls",
            "keywords": [
                "ci",
                "coverage",
                "github",
                "test"
            ],
            "time": "2014-11-11 15:35:34"
        },
        {
            "name": "symfony/config",
            "version": "v2.5.7",
            "target-dir": "Symfony/Component/Config",
            "source": {
                "type": "git",
                "url": "https://github.com/symfony/Config.git",
                "reference": "7b11dceebaaf877b75bc1aedfd831a2ddc326de9"
            },
            "dist": {
                "type": "zip",
                "url": "https://api.github.com/repos/symfony/Config/zipball/7b11dceebaaf877b75bc1aedfd831a2ddc326de9",
                "reference": "7b11dceebaaf877b75bc1aedfd831a2ddc326de9",
                "shasum": ""
            },
            "require": {
                "php": ">=5.3.3",
                "symfony/filesystem": "~2.3"
            },
            "type": "library",
            "extra": {
                "branch-alias": {
                    "dev-master": "2.5-dev"
                }
            },
            "autoload": {
                "psr-0": {
                    "Symfony\\Component\\Config\\": ""
                }
            },
            "notification-url": "https://packagist.org/downloads/",
            "license": [
                "MIT"
            ],
            "authors": [
                {
                    "name": "Symfony Community",
                    "homepage": "http://symfony.com/contributors"
                },
                {
                    "name": "Fabien Potencier",
                    "email": "fabien@symfony.com"
                }
            ],
            "description": "Symfony Config Component",
            "homepage": "http://symfony.com",
            "time": "2014-11-20 13:22:25"
        },
        {
            "name": "symfony/console",
            "version": "v2.5.7",
            "target-dir": "Symfony/Component/Console",
            "source": {
                "type": "git",
                "url": "https://github.com/symfony/Console.git",
                "reference": "61b13c27c9258e97009249d4ef193c964bf346b7"
            },
            "dist": {
                "type": "zip",
                "url": "https://api.github.com/repos/symfony/Console/zipball/61b13c27c9258e97009249d4ef193c964bf346b7",
                "reference": "61b13c27c9258e97009249d4ef193c964bf346b7",
                "shasum": ""
            },
            "require": {
                "php": ">=5.3.3"
            },
            "require-dev": {
                "psr/log": "~1.0",
                "symfony/event-dispatcher": "~2.1"
            },
            "suggest": {
                "psr/log": "For using the console logger",
                "symfony/event-dispatcher": ""
            },
            "type": "library",
            "extra": {
                "branch-alias": {
                    "dev-master": "2.5-dev"
                }
            },
            "autoload": {
                "psr-0": {
                    "Symfony\\Component\\Console\\": ""
                }
            },
            "notification-url": "https://packagist.org/downloads/",
            "license": [
                "MIT"
            ],
            "authors": [
                {
                    "name": "Symfony Community",
                    "homepage": "http://symfony.com/contributors"
                },
                {
                    "name": "Fabien Potencier",
                    "email": "fabien@symfony.com"
                }
            ],
            "description": "Symfony Console Component",
            "homepage": "http://symfony.com",
            "time": "2014-11-20 13:22:25"
        },
        {
            "name": "symfony/event-dispatcher",
            "version": "v2.5.7",
            "target-dir": "Symfony/Component/EventDispatcher",
            "source": {
                "type": "git",
                "url": "https://github.com/symfony/EventDispatcher.git",
                "reference": "bb6fc12085cd195dceaf48016087b12b632df497"
            },
            "dist": {
                "type": "zip",
                "url": "https://api.github.com/repos/symfony/EventDispatcher/zipball/bb6fc12085cd195dceaf48016087b12b632df497",
                "reference": "bb6fc12085cd195dceaf48016087b12b632df497",
                "shasum": ""
            },
            "require": {
                "php": ">=5.3.3"
            },
            "require-dev": {
                "psr/log": "~1.0",
                "symfony/config": "~2.0",
                "symfony/dependency-injection": "~2.0,<2.6.0",
                "symfony/stopwatch": "~2.2"
            },
            "suggest": {
                "symfony/dependency-injection": "",
                "symfony/http-kernel": ""
            },
            "type": "library",
            "extra": {
                "branch-alias": {
                    "dev-master": "2.5-dev"
                }
            },
            "autoload": {
                "psr-0": {
                    "Symfony\\Component\\EventDispatcher\\": ""
                }
            },
            "notification-url": "https://packagist.org/downloads/",
            "license": [
                "MIT"
            ],
            "authors": [
                {
                    "name": "Symfony Community",
                    "homepage": "http://symfony.com/contributors"
                },
                {
                    "name": "Fabien Potencier",
                    "email": "fabien@symfony.com"
                }
            ],
            "description": "Symfony EventDispatcher Component",
            "homepage": "http://symfony.com",
            "time": "2014-10-30 20:17:55"
        },
        {
            "name": "symfony/filesystem",
            "version": "v2.5.7",
            "target-dir": "Symfony/Component/Filesystem",
            "source": {
                "type": "git",
                "url": "https://github.com/symfony/Filesystem.git",
                "reference": "3c3e382bd869b3ec10008a3d9ef455b1cc2868db"
            },
            "dist": {
                "type": "zip",
                "url": "https://api.github.com/repos/symfony/Filesystem/zipball/3c3e382bd869b3ec10008a3d9ef455b1cc2868db",
                "reference": "3c3e382bd869b3ec10008a3d9ef455b1cc2868db",
                "shasum": ""
            },
            "require": {
                "php": ">=5.3.3"
            },
            "type": "library",
            "extra": {
                "branch-alias": {
                    "dev-master": "2.5-dev"
                }
            },
            "autoload": {
                "psr-0": {
                    "Symfony\\Component\\Filesystem\\": ""
                }
            },
            "notification-url": "https://packagist.org/downloads/",
            "license": [
                "MIT"
            ],
            "authors": [
                {
                    "name": "Symfony Community",
                    "homepage": "http://symfony.com/contributors"
                },
                {
                    "name": "Fabien Potencier",
                    "email": "fabien@symfony.com"
                }
            ],
            "description": "Symfony Filesystem Component",
            "homepage": "http://symfony.com",
            "time": "2014-11-16 17:28:00"
        },
        {
            "name": "symfony/stopwatch",
            "version": "v2.5.7",
            "target-dir": "Symfony/Component/Stopwatch",
            "source": {
                "type": "git",
                "url": "https://github.com/symfony/Stopwatch.git",
                "reference": "9f8a33a24f2378c0ec5f372a8d50b2d43069c050"
            },
            "dist": {
                "type": "zip",
                "url": "https://api.github.com/repos/symfony/Stopwatch/zipball/9f8a33a24f2378c0ec5f372a8d50b2d43069c050",
                "reference": "9f8a33a24f2378c0ec5f372a8d50b2d43069c050",
                "shasum": ""
            },
            "require": {
                "php": ">=5.3.3"
            },
            "type": "library",
            "extra": {
                "branch-alias": {
                    "dev-master": "2.5-dev"
                }
            },
            "autoload": {
                "psr-0": {
                    "Symfony\\Component\\Stopwatch\\": ""
                }
            },
            "notification-url": "https://packagist.org/downloads/",
            "license": [
                "MIT"
            ],
            "authors": [
                {
                    "name": "Symfony Community",
                    "homepage": "http://symfony.com/contributors"
                },
                {
                    "name": "Fabien Potencier",
                    "email": "fabien@symfony.com"
                }
            ],
            "description": "Symfony Stopwatch Component",
            "homepage": "http://symfony.com",
            "time": "2014-09-22 09:14:18"
        },
        {
            "name": "symfony/yaml",
            "version": "v2.5.7",
            "target-dir": "Symfony/Component/Yaml",
            "source": {
                "type": "git",
                "url": "https://github.com/symfony/Yaml.git",
                "reference": "900d38bc8f74a50343ce65dd1c1e9819658ee56b"
            },
            "dist": {
                "type": "zip",
                "url": "https://api.github.com/repos/symfony/Yaml/zipball/900d38bc8f74a50343ce65dd1c1e9819658ee56b",
                "reference": "900d38bc8f74a50343ce65dd1c1e9819658ee56b",
                "shasum": ""
            },
            "require": {
                "php": ">=5.3.3"
            },
            "type": "library",
            "extra": {
                "branch-alias": {
                    "dev-master": "2.5-dev"
                }
            },
            "autoload": {
                "psr-0": {
                    "Symfony\\Component\\Yaml\\": ""
                }
            },
            "notification-url": "https://packagist.org/downloads/",
            "license": [
                "MIT"
            ],
            "authors": [
                {
                    "name": "Symfony Community",
                    "homepage": "http://symfony.com/contributors"
                },
                {
                    "name": "Fabien Potencier",
                    "email": "fabien@symfony.com"
                }
            ],
            "description": "Symfony Yaml Component",
            "homepage": "http://symfony.com",
            "time": "2014-11-20 13:22:25"
        }
    ],
    "aliases": [],
    "minimum-stability": "stable",
    "stability-flags": {
        "satooshi/php-coveralls": 20
    },
    "prefer-stable": false,
    "platform": {
        "php": "~5.3"
    },
    "platform-dev": []
}
