{
    "_readme": [
        "This file locks the dependencies of your project to a known state",
        "Read more about it at https://getcomposer.org/doc/01-basic-usage.md#composer-lock-the-lock-file",
        "This file is @generated automatically"
    ],
    "hash": "e79f6b6c71d861316c6b0a199362a6a2",
    "content-hash": "f95619684158a44490820c38fa1049e3",
    "packages": [
        {
            "name": "psr/log",
            "version": "1.0.0",
            "source": {
                "type": "git",
                "url": "https://github.com/php-fig/log.git",
                "reference": "fe0936ee26643249e916849d48e3a51d5f5e278b"
            },
            "dist": {
                "type": "zip",
                "url": "https://api.github.com/repos/php-fig/log/zipball/fe0936ee26643249e916849d48e3a51d5f5e278b",
                "reference": "fe0936ee26643249e916849d48e3a51d5f5e278b",
                "shasum": ""
            },
            "type": "library",
            "autoload": {
                "psr-0": {
                    "Psr\\Log\\": ""
                }
            },
            "notification-url": "https://packagist.org/downloads/",
            "license": [
                "MIT"
            ],
            "authors": [
                {
                    "name": "PHP-FIG",
                    "homepage": "http://www.php-fig.org/"
                }
            ],
            "description": "Common interface for logging libraries",
            "keywords": [
                "log",
                "psr",
                "psr-3"
            ],
            "time": "2012-12-21 11:40:51"
        },
        {
            "name": "robrichards/xmlseclibs",
            "version": "1.4.1",
            "source": {
                "type": "git",
                "url": "https://github.com/robrichards/xmlseclibs.git",
                "reference": "465f18a8e1196c279b1298a3b08bcbee71ea4e4e"
            },
            "dist": {
                "type": "zip",
                "url": "https://api.github.com/repos/robrichards/xmlseclibs/zipball/465f18a8e1196c279b1298a3b08bcbee71ea4e4e",
                "reference": "465f18a8e1196c279b1298a3b08bcbee71ea4e4e",
                "shasum": ""
            },
            "require": {
                "php": ">= 5.2"
            },
            "suggest": {
                "ext/mcrypt": "MCrypt extension",
                "ext/openssl": "OpenSSL extension"
            },
            "type": "library",
            "autoload": {
                "classmap": [
                    "src/"
                ]
            },
            "notification-url": "https://packagist.org/downloads/",
            "license": [
                "BSD-3-Clause"
            ],
            "description": "A PHP library for XML Security",
            "homepage": "https://github.com/robrichards/xmlseclibs",
            "keywords": [
                "security",
                "signature",
                "xml",
                "xmldsig"
            ],
            "time": "2015-07-31 12:22:14"
        },
        {
            "name": "simplesamlphp/saml2",
            "version": "v1.9",
            "source": {
                "type": "git",
                "url": "https://github.com/simplesamlphp/saml2.git",
                "reference": "be2b348c46cceb311a743a33fb51035158f6f69a"
            },
            "dist": {
                "type": "zip",
                "url": "https://api.github.com/repos/simplesamlphp/saml2/zipball/be2b348c46cceb311a743a33fb51035158f6f69a",
                "reference": "be2b348c46cceb311a743a33fb51035158f6f69a",
                "shasum": ""
            },
            "require": {
                "ext-dom": "*",
                "ext-openssl": "*",
                "php": ">=5.3.3",
                "psr/log": "~1.0",
                "robrichards/xmlseclibs": "^1.3"
            },
            "require-dev": {
                "mockery/mockery": "~0.9",
                "phpmd/phpmd": "~1.5",
                "phpunit/phpunit": "~3.7",
                "satooshi/php-coveralls": "~0.6.1",
                "sebastian/phpcpd": "~1.4",
                "sensiolabs/security-checker": "~1.1",
                "squizlabs/php_codesniffer": "~1.4"
            },
            "type": "library",
            "autoload": {
                "psr-0": {
                    "SAML2_": "src/"
                }
            },
            "notification-url": "https://packagist.org/downloads/",
            "license": [
                "LGPL-2.1"
            ],
            "authors": [
                {
                    "name": "Andreas Åkre Solberg",
                    "email": "andreas.solberg@uninett.no"
                }
            ],
            "description": "SAML2 PHP library from SimpleSAMLphp",
            "time": "2016-03-16 14:11:59"
        },
        {
            "name": "whitehat101/apr1-md5",
            "version": "v1.0.0",
            "source": {
                "type": "git",
                "url": "https://github.com/whitehat101/apr1-md5.git",
                "reference": "8b261c9fc0481b4e9fa9d01c6ca70867b5d5e819"
            },
            "dist": {
                "type": "zip",
                "url": "https://api.github.com/repos/whitehat101/apr1-md5/zipball/8b261c9fc0481b4e9fa9d01c6ca70867b5d5e819",
                "reference": "8b261c9fc0481b4e9fa9d01c6ca70867b5d5e819",
                "shasum": ""
            },
            "require": {
                "php": ">=5.3.0"
            },
            "require-dev": {
                "phpunit/phpunit": "4.0.*"
            },
            "type": "library",
            "autoload": {
                "psr-4": {
                    "WhiteHat101\\Crypt\\": "src"
                }
            },
            "notification-url": "https://packagist.org/downloads/",
            "license": [
                "MIT"
            ],
            "authors": [
                {
                    "name": "Jeremy Ebler",
                    "email": "jebler@gmail.com"
                }
            ],
            "description": "Apache's APR1-MD5 algorithm in pure PHP",
            "homepage": "https://github.com/whitehat101/apr1-md5",
            "keywords": [
                "MD5",
                "apr1"
            ],
            "time": "2015-02-11 11:06:42"
        }
    ],
    "packages-dev": null,
    "aliases": [],
    "minimum-stability": "stable",
    "stability-flags": [],
    "prefer-stable": false,
    "prefer-lowest": false,
    "platform": {
        "php": ">=5.3"
    },
    "platform-dev": []
}
