{
    "_readme": [
        "This file locks the dependencies of your project to a known state",
        "Read more about it at http://getcomposer.org/doc/01-basic-usage.md#composer-lock-the-lock-file"
    ],
    "hash": "608aa8b969b50e691e090388b39a33be",
    "packages": [
        {
            "name": "openid/php-openid",
            "version": "dev-master",
            "source": {
                "type": "git",
                "url": "https://github.com/openid/php-openid.git",
                "reference": "ee669c6a9d4d95b58ecd9b6945627276807694fb"
            },
            "dist": {
                "type": "zip",
                "url": "https://api.github.com/repos/openid/php-openid/zipball/ee669c6a9d4d95b58ecd9b6945627276807694fb",
                "reference": "ee669c6a9d4d95b58ecd9b6945627276807694fb",
                "shasum": ""
            },
            "require": {
                "ext-curl": "*",
                "ext-dom": "*",
                "ext-gmp": "*",
                "php": ">=4.3"
            },
            "type": "library",
            "autoload": {
                "classmap": [
                    "Auth"
                ]
            },
            "notification-url": "https://packagist.org/downloads/",
            "include-path": [
                "."
            ],
            "license": [
                "Apache-2.0"
            ],
            "authors": [
                {
                    "name": "JanRain Inc.",
                    "homepage": "http://www.openidenabled.com"
                }
            ],
            "description": "OpenID library for PHP5",
            "homepage": "http://github.com/openid/php-openid",
            "keywords": [
                "Authentication",
                "OpenId",
                "auth",
                "yadis"
            ],
            "time": "2013-10-03 21:21:20"
        },
        {
            "name": "pimple/pimple",
            "version": "v1.0.2",
            "source": {
                "type": "git",
                "url": "https://github.com/fabpot/Pimple.git",
                "reference": "ae11e57e8c2bb414b2ff93396dbbfc0eb92feb94"
            },
            "dist": {
                "type": "zip",
                "url": "https://api.github.com/repos/fabpot/Pimple/zipball/ae11e57e8c2bb414b2ff93396dbbfc0eb92feb94",
                "reference": "ae11e57e8c2bb414b2ff93396dbbfc0eb92feb94",
                "shasum": ""
            },
            "require": {
                "php": ">=5.3.0"
            },
            "type": "library",
            "extra": {
                "branch-alias": {
                    "dev-master": "1.0.x-dev"
                }
            },
            "autoload": {
                "psr-0": {
                    "Pimple": "lib/"
                }
            },
            "notification-url": "https://packagist.org/downloads/",
            "license": [
                "MIT"
            ],
            "authors": [
                {
                    "name": "Fabien Potencier",
                    "email": "fabien@symfony.com"
                }
            ],
            "description": "Pimple is a simple Dependency Injection Container for PHP 5.3",
            "homepage": "http://pimple.sensiolabs.org",
            "keywords": [
                "container",
                "dependency injection"
            ],
            "time": "2013-03-08 08:21:40"
        },
        {
            "name": "psr/log",
            "version": "1.0.0",
            "source": {
                "type": "git",
                "url": "https://github.com/php-fig/log.git",
                "reference": "fe0936ee26643249e916849d48e3a51d5f5e278b"
            },
            "dist": {
                "type": "zip",
                "url": "https://api.github.com/repos/php-fig/log/zipball/fe0936ee26643249e916849d48e3a51d5f5e278b",
                "reference": "fe0936ee26643249e916849d48e3a51d5f5e278b",
                "shasum": ""
            },
            "type": "library",
            "autoload": {
                "psr-0": {
                    "Psr\\Log\\": ""
                }
            },
            "notification-url": "https://packagist.org/downloads/",
            "license": [
                "MIT"
            ],
            "authors": [
                {
                    "name": "PHP-FIG",
                    "homepage": "http://www.php-fig.org/"
                }
            ],
            "description": "Common interface for logging libraries",
            "keywords": [
                "log",
                "psr",
                "psr-3"
            ],
            "time": "2012-12-21 11:40:51"
        },
        {
            "name": "robrichards/xmlseclibs",
            "version": "1.3.1",
            "source": {
                "type": "svn",
                "url": "http://xmlseclibs.googlecode.com/svn",
                "reference": "trunk@50"
            },
            "type": "library",
            "autoload": {
                "files": [
                    "xmlseclibs.php"
                ]
            }
        },
        {
            "name": "simplesamlphp/saml2",
            "version": "v0.2.0",
            "source": {
                "type": "git",
                "url": "https://github.com/simplesamlphp/saml2.git",
                "reference": "d4b833edc6fcbd6948e79eacdfee1b6c257691b7"
            },
            "dist": {
                "type": "zip",
                "url": "https://api.github.com/repos/simplesamlphp/saml2/zipball/d4b833edc6fcbd6948e79eacdfee1b6c257691b7",
                "reference": "d4b833edc6fcbd6948e79eacdfee1b6c257691b7",
                "shasum": ""
            },
            "require": {
                "ext-dom": "*",
                "ext-openssl": "*",
                "php": ">=5.3.3",
                "psr/log": "1.0.0",
                "robrichards/xmlseclibs": "1.3.*"
            },
            "require-dev": {
                "phpmd/phpmd": "~1.5",
                "phpunit/phpunit": "~3.7",
                "sebastian/phpcpd": "~1.4",
                "sensiolabs/security-checker": "~1.1",
                "squizlabs/php_codesniffer": "~1.4"
            },
            "type": "library",
            "autoload": {
                "psr-0": {
                    "SAML2_": "src/"
                }
            },
            "notification-url": "https://packagist.org/downloads/",
            "license": [
                "LGPL-2.1"
            ],
            "authors": [
                {
                    "name": "Andreas Åkre Solberg",
                    "email": "andreas.solberg@uninett.no"
                }
            ],
            "description": "SAML2 PHP library from SimpleSAMLphp",
            "time": "2013-11-12 15:07:13"
        }
    ],
    "packages-dev": [

    ],
    "aliases": [
        {
            "alias": "2.2.2",
            "alias_normalized": "2.2.2.0",
            "version": "9999999-dev",
            "package": "openid/php-openid"
        }
    ],
    "minimum-stability": "stable",
    "stability-flags": {
        "openid/php-openid": 20
    },
    "platform": {
        "php": ">=5.3.0"
    },
    "platform-dev": [

    ]
}
